PODS:
  - Capacitor (5.7.6):
    - CapacitorCordova
  - CapacitorCordova (5.7.6)
  - CapacitorDialog (6.0.0):
    - Capacitor
  - CapacitorRateApp (4.0.3):
    - Capacitor

DEPENDENCIES:
  - "Capacitor (from `../../node_modules/@capacitor/ios`)"
  - "CapacitorCordova (from `../../node_modules/@capacitor/ios`)"
  - "CapacitorDialog (from `../../node_modules/@capacitor/dialog`)"
  - CapacitorRateApp (from `../../node_modules/capacitor-rate-app`)

EXTERNAL SOURCES:
  Capacitor:
    :path: "../../node_modules/@capacitor/ios"
  CapacitorCordova:
    :path: "../../node_modules/@capacitor/ios"
  CapacitorDialog:
    :path: "../../node_modules/@capacitor/dialog"
  CapacitorRateApp:
    :path: "../../node_modules/capacitor-rate-app"

SPEC CHECKSUMS:
  Capacitor: 6e86d6f68a9348c76b6da7349ab3ee4a9edd3b9a
  CapacitorCordova: 46df0372f7768ff20aa659ba1658b5d7315ea42a
  CapacitorDialog: 64aa82840ee5e9c066f9e1a49c1e186afd3f24d2
  CapacitorRateApp: 896df7ec6a237fea72d1955e0cb26394654b00db

PODFILE CHECKSUM: 1d4ab842754031328b300789dd509be22cb0d20f

COCOAPODS: 1.14.1
